// !$*UTF8*$!
{
	archiveVersion = 1;
	classes = {
	};
	objectVersion = 56;
	objects = {

/* Begin PBXBuildFile section */
		D72535232ACB0D3A0084F2BF /* CompletedButton.swift in Sources */ = {isa = PBXBuildFile; fileRef = D72535222ACB0D3A0084F2BF /* CompletedButton.swift */; };
		D72535252ACB0DDA0084F2BF /* ProductRow.swift in Sources */ = {isa = PBXBuildFile; fileRef = D72535242ACB0DDA0084F2BF /* ProductRow.swift */; };
		D76848452AC70D22001E8F96 /* Completion Manager.swift in Sources */ = {isa = PBXBuildFile; fileRef = D76848442AC70D21001E8F96 /* Completion Manager.swift */; };
		D77062C42AB0A1510053D644 /* NewJournalView.swift in Sources */ = {isa = PBXBuildFile; fileRef = D77062C32AB0A1510053D644 /* NewJournalView.swift */; };
		D77062C62AB0A31A0053D644 /* NoteDetailView.swift in Sources */ = {isa = PBXBuildFile; fileRef = D77062C52AB0A31A0053D644 /* NoteDetailView.swift */; };
		D77062C82AB0A3380053D644 /* ExampleView.swift in Sources */ = {isa = PBXBuildFile; fileRef = D77062C72AB0A3380053D644 /* ExampleView.swift */; };
		D781D8092AC4C3EC008FA398 /* ProductCard.swift in Sources */ = {isa = PBXBuildFile; fileRef = D781D8082AC4C3EC008FA398 /* ProductCard.swift */; };
		D781D80B2AC4C626008FA398 /* CompletedView.swift in Sources */ = {isa = PBXBuildFile; fileRef = D781D80A2AC4C626008FA398 /* CompletedView.swift */; };
		D789FC5E2A8E6F06002AA43A /* STEAM_Hunt_APPApp.swift in Sources */ = {isa = PBXBuildFile; fileRef = D789FC5D2A8E6F06002AA43A /* STEAM_Hunt_APPApp.swift */; };
		D789FC602A8E6F06002AA43A /* ContentView.swift in Sources */ = {isa = PBXBuildFile; fileRef = D789FC5F2A8E6F06002AA43A /* ContentView.swift */; };
		D789FC622A8E6F09002AA43A /* Assets.xcassets in Resources */ = {isa = PBXBuildFile; fileRef = D789FC612A8E6F09002AA43A /* Assets.xcassets */; };
		D789FC652A8E6F09002AA43A /* Preview Assets.xcassets in Resources */ = {isa = PBXBuildFile; fileRef = D789FC642A8E6F09002AA43A /* Preview Assets.xcassets */; };
		D789FC6F2A8E6F09002AA43A /* STEAM_Hunt_APPTests.swift in Sources */ = {isa = PBXBuildFile; fileRef = D789FC6E2A8E6F09002AA43A /* STEAM_Hunt_APPTests.swift */; };
		D789FC792A8E6F09002AA43A /* STEAM_Hunt_APPUITests.swift in Sources */ = {isa = PBXBuildFile; fileRef = D789FC782A8E6F09002AA43A /* STEAM_Hunt_APPUITests.swift */; };
		D789FC7B2A8E6F09002AA43A /* STEAM_Hunt_APPUITestsLaunchTests.swift in Sources */ = {isa = PBXBuildFile; fileRef = D789FC7A2A8E6F09002AA43A /* STEAM_Hunt_APPUITestsLaunchTests.swift */; };
		D789FC882A8E6F70002AA43A /* HomeView.swift in Sources */ = {isa = PBXBuildFile; fileRef = D789FC872A8E6F70002AA43A /* HomeView.swift */; };
		D789FC8A2A8E6F99002AA43A /* IdeasView.swift in Sources */ = {isa = PBXBuildFile; fileRef = D789FC892A8E6F99002AA43A /* IdeasView.swift */; };
		D796E2F42A8FD61000028124 /* JournalView.swift in Sources */ = {isa = PBXBuildFile; fileRef = D796E2F32A8FD61000028124 /* JournalView.swift */; };
		D796E2F62A8FDEAE00028124 /* Exp1.swift in Sources */ = {isa = PBXBuildFile; fileRef = D796E2F52A8FDEAE00028124 /* Exp1.swift */; };
		D796E2F92A8FE02F00028124 /* Exp2.swift in Sources */ = {isa = PBXBuildFile; fileRef = D796E2F82A8FE02F00028124 /* Exp2.swift */; };
		D796E2FB2A8FE08700028124 /* Exp3.swift in Sources */ = {isa = PBXBuildFile; fileRef = D796E2FA2A8FE08700028124 /* Exp3.swift */; };
		D796E2FD2A8FE1C300028124 /* Exp4.swift in Sources */ = {isa = PBXBuildFile; fileRef = D796E2FC2A8FE1C300028124 /* Exp4.swift */; };
		D796E2FF2A8FE1D500028124 /* Exp5.swift in Sources */ = {isa = PBXBuildFile; fileRef = D796E2FE2A8FE1D500028124 /* Exp5.swift */; };
		D796E3012A8FE1E900028124 /* ExperimentView.swift in Sources */ = {isa = PBXBuildFile; fileRef = D796E3002A8FE1E900028124 /* ExperimentView.swift */; };
		D796E3032A8FE1FA00028124 /* Exp7.swift in Sources */ = {isa = PBXBuildFile; fileRef = D796E3022A8FE1FA00028124 /* Exp7.swift */; };
		D796E3052A8FE20A00028124 /* Exp8.swift in Sources */ = {isa = PBXBuildFile; fileRef = D796E3042A8FE20A00028124 /* Exp8.swift */; };
		D796E3072A8FE21700028124 /* Exp9.swift in Sources */ = {isa = PBXBuildFile; fileRef = D796E3062A8FE21700028124 /* Exp9.swift */; };
		D796E3092A8FE22400028124 /* Exp10.swift in Sources */ = {isa = PBXBuildFile; fileRef = D796E3082A8FE22400028124 /* Exp10.swift */; };
		D796E30B2A8FE22F00028124 /* Exp11.swift in Sources */ = {isa = PBXBuildFile; fileRef = D796E30A2A8FE22F00028124 /* Exp11.swift */; };
		D796E30D2A8FE23C00028124 /* Exp12.swift in Sources */ = {isa = PBXBuildFile; fileRef = D796E30C2A8FE23C00028124 /* Exp12.swift */; };
		D796E30F2A8FE25300028124 /* Exp13.swift in Sources */ = {isa = PBXBuildFile; fileRef = D796E30E2A8FE25300028124 /* Exp13.swift */; };
		D796E3112A8FE26800028124 /* Exp14.swift in Sources */ = {isa = PBXBuildFile; fileRef = D796E3102A8FE26800028124 /* Exp14.swift */; };
		D796E3132A8FE27700028124 /* Exp15.swift in Sources */ = {isa = PBXBuildFile; fileRef = D796E3122A8FE27700028124 /* Exp15.swift */; };
		D7DE11162AABB66E00B4EA64 /* ImageDataModel.swift in Sources */ = {isa = PBXBuildFile; fileRef = D7DE11152AABB66E00B4EA64 /* ImageDataModel.swift */; };
		D7DE11182AABB6A700B4EA64 /* ImagePicker.swift in Sources */ = {isa = PBXBuildFile; fileRef = D7DE11172AABB6A700B4EA64 /* ImagePicker.swift */; };
		D7E2A53F2B4C9C5300383438 /* YTVideo.swift in Sources */ = {isa = PBXBuildFile; fileRef = D7E2A53E2B4C9C5300383438 /* YTVideo.swift */; };
		D7EC39722AE6B8F9009219D8 /* Experiment Model.swift in Sources */ = {isa = PBXBuildFile; fileRef = D7EC39712AE6B8F8009219D8 /* Experiment Model.swift */; };
/* End PBXBuildFile section */

/* Begin PBXContainerItemProxy section */
		D789FC6B2A8E6F09002AA43A /* PBXContainerItemProxy */ = {
			isa = PBXContainerItemProxy;
			containerPortal = D789FC522A8E6F06002AA43A /* Project object */;
			proxyType = 1;
			remoteGlobalIDString = D789FC592A8E6F06002AA43A;
			remoteInfo = "STEAM Hunt APP";
		};
		D789FC752A8E6F09002AA43A /* PBXContainerItemProxy */ = {
			isa = PBXContainerItemProxy;
			containerPortal = D789FC522A8E6F06002AA43A /* Project object */;
			proxyType = 1;
			remoteGlobalIDString = D789FC592A8E6F06002AA43A;
			remoteInfo = "STEAM Hunt APP";
		};
/* End PBXContainerItemProxy section */

/* Begin PBXFileReference section */
		D72535222ACB0D3A0084F2BF /* CompletedButton.swift */ = {isa = PBXFileReference; lastKnownFileType = sourcecode.swift; path = CompletedButton.swift; sourceTree = "<group>"; };
		D72535242ACB0DDA0084F2BF /* ProductRow.swift */ = {isa = PBXFileReference; lastKnownFileType = sourcecode.swift; path = ProductRow.swift; sourceTree = "<group>"; };
		D76848442AC70D21001E8F96 /* Completion Manager.swift */ = {isa = PBXFileReference; lastKnownFileType = sourcecode.swift; path = "Completion Manager.swift"; sourceTree = "<group>"; };
		D77062C32AB0A1510053D644 /* NewJournalView.swift */ = {isa = PBXFileReference; lastKnownFileType = sourcecode.swift; path = NewJournalView.swift; sourceTree = "<group>"; };
		D77062C52AB0A31A0053D644 /* NoteDetailView.swift */ = {isa = PBXFileReference; lastKnownFileType = sourcecode.swift; path = NoteDetailView.swift; sourceTree = "<group>"; };
		D77062C72AB0A3380053D644 /* ExampleView.swift */ = {isa = PBXFileReference; lastKnownFileType = sourcecode.swift; path = ExampleView.swift; sourceTree = "<group>"; };
		D781D8082AC4C3EC008FA398 /* ProductCard.swift */ = {isa = PBXFileReference; lastKnownFileType = sourcecode.swift; path = ProductCard.swift; sourceTree = "<group>"; };
		D781D80A2AC4C626008FA398 /* CompletedView.swift */ = {isa = PBXFileReference; lastKnownFileType = sourcecode.swift; path = CompletedView.swift; sourceTree = "<group>"; };
		D789FC5A2A8E6F06002AA43A /* STEAM Hunt APP.app */ = {isa = PBXFileReference; explicitFileType = wrapper.application; includeInIndex = 0; path = "STEAM Hunt APP.app"; sourceTree = BUILT_PRODUCTS_DIR; };
		D789FC5D2A8E6F06002AA43A /* STEAM_Hunt_APPApp.swift */ = {isa = PBXFileReference; lastKnownFileType = sourcecode.swift; path = STEAM_Hunt_APPApp.swift; sourceTree = "<group>"; };
		D789FC5F2A8E6F06002AA43A /* ContentView.swift */ = {isa = PBXFileReference; lastKnownFileType = sourcecode.swift; path = ContentView.swift; sourceTree = "<group>"; };
		D789FC612A8E6F09002AA43A /* Assets.xcassets */ = {isa = PBXFileReference; lastKnownFileType = folder.assetcatalog; path = Assets.xcassets; sourceTree = "<group>"; };
		D789FC642A8E6F09002AA43A /* Preview Assets.xcassets */ = {isa = PBXFileReference; lastKnownFileType = folder.assetcatalog; path = "Preview Assets.xcassets"; sourceTree = "<group>"; };
		D789FC6A2A8E6F09002AA43A /* STEAM Hunt APPTests.xctest */ = {isa = PBXFileReference; explicitFileType = wrapper.cfbundle; includeInIndex = 0; path = "STEAM Hunt APPTests.xctest"; sourceTree = BUILT_PRODUCTS_DIR; };
		D789FC6E2A8E6F09002AA43A /* STEAM_Hunt_APPTests.swift */ = {isa = PBXFileReference; lastKnownFileType = sourcecode.swift; path = STEAM_Hunt_APPTests.swift; sourceTree = "<group>"; };
		D789FC742A8E6F09002AA43A /* STEAM Hunt APPUITests.xctest */ = {isa = PBXFileReference; explicitFileType = wrapper.cfbundle; includeInIndex = 0; path = "STEAM Hunt APPUITests.xctest"; sourceTree = BUILT_PRODUCTS_DIR; };
		D789FC782A8E6F09002AA43A /* STEAM_Hunt_APPUITests.swift */ = {isa = PBXFileReference; lastKnownFileType = sourcecode.swift; path = STEAM_Hunt_APPUITests.swift; sourceTree = "<group>"; };
		D789FC7A2A8E6F09002AA43A /* STEAM_Hunt_APPUITestsLaunchTests.swift */ = {isa = PBXFileReference; lastKnownFileType = sourcecode.swift; path = STEAM_Hunt_APPUITestsLaunchTests.swift; sourceTree = "<group>"; };
		D789FC872A8E6F70002AA43A /* HomeView.swift */ = {isa = PBXFileReference; lastKnownFileType = sourcecode.swift; path = HomeView.swift; sourceTree = "<group>"; };
		D789FC892A8E6F99002AA43A /* IdeasView.swift */ = {isa = PBXFileReference; lastKnownFileType = sourcecode.swift; path = IdeasView.swift; sourceTree = "<group>"; };
		D796E2F32A8FD61000028124 /* JournalView.swift */ = {isa = PBXFileReference; lastKnownFileType = sourcecode.swift; path = JournalView.swift; sourceTree = "<group>"; };
		D796E2F52A8FDEAE00028124 /* Exp1.swift */ = {isa = PBXFileReference; lastKnownFileType = sourcecode.swift; path = Exp1.swift; sourceTree = "<group>"; };
		D796E2F82A8FE02F00028124 /* Exp2.swift */ = {isa = PBXFileReference; lastKnownFileType = sourcecode.swift; path = Exp2.swift; sourceTree = "<group>"; };
		D796E2FA2A8FE08700028124 /* Exp3.swift */ = {isa = PBXFileReference; lastKnownFileType = sourcecode.swift; path = Exp3.swift; sourceTree = "<group>"; };
		D796E2FC2A8FE1C300028124 /* Exp4.swift */ = {isa = PBXFileReference; lastKnownFileType = sourcecode.swift; path = Exp4.swift; sourceTree = "<group>"; };
		D796E2FE2A8FE1D500028124 /* Exp5.swift */ = {isa = PBXFileReference; lastKnownFileType = sourcecode.swift; path = Exp5.swift; sourceTree = "<group>"; };
		D796E3002A8FE1E900028124 /* ExperimentView.swift */ = {isa = PBXFileReference; lastKnownFileType = sourcecode.swift; path = ExperimentView.swift; sourceTree = "<group>"; };
		D796E3022A8FE1FA00028124 /* Exp7.swift */ = {isa = PBXFileReference; lastKnownFileType = sourcecode.swift; path = Exp7.swift; sourceTree = "<group>"; };
		D796E3042A8FE20A00028124 /* Exp8.swift */ = {isa = PBXFileReference; lastKnownFileType = sourcecode.swift; path = Exp8.swift; sourceTree = "<group>"; };
		D796E3062A8FE21700028124 /* Exp9.swift */ = {isa = PBXFileReference; lastKnownFileType = sourcecode.swift; path = Exp9.swift; sourceTree = "<group>"; };
		D796E3082A8FE22400028124 /* Exp10.swift */ = {isa = PBXFileReference; lastKnownFileType = sourcecode.swift; path = Exp10.swift; sourceTree = "<group>"; };
		D796E30A2A8FE22F00028124 /* Exp11.swift */ = {isa = PBXFileReference; lastKnownFileType = sourcecode.swift; path = Exp11.swift; sourceTree = "<group>"; };
		D796E30C2A8FE23C00028124 /* Exp12.swift */ = {isa = PBXFileReference; lastKnownFileType = sourcecode.swift; path = Exp12.swift; sourceTree = "<group>"; };
		D796E30E2A8FE25300028124 /* Exp13.swift */ = {isa = PBXFileReference; lastKnownFileType = sourcecode.swift; path = Exp13.swift; sourceTree = "<group>"; };
		D796E3102A8FE26800028124 /* Exp14.swift */ = {isa = PBXFileReference; lastKnownFileType = sourcecode.swift; path = Exp14.swift; sourceTree = "<group>"; };
		D796E3122A8FE27700028124 /* Exp15.swift */ = {isa = PBXFileReference; lastKnownFileType = sourcecode.swift; path = Exp15.swift; sourceTree = "<group>"; };
		D7DE11152AABB66E00B4EA64 /* ImageDataModel.swift */ = {isa = PBXFileReference; lastKnownFileType = sourcecode.swift; path = ImageDataModel.swift; sourceTree = "<group>"; };
		D7DE11172AABB6A700B4EA64 /* ImagePicker.swift */ = {isa = PBXFileReference; lastKnownFileType = sourcecode.swift; path = ImagePicker.swift; sourceTree = "<group>"; };
		D7E2A53E2B4C9C5300383438 /* YTVideo.swift */ = {isa = PBXFileReference; lastKnownFileType = sourcecode.swift; path = YTVideo.swift; sourceTree = "<group>"; };
		D7EC39712AE6B8F8009219D8 /* Experiment Model.swift */ = {isa = PBXFileReference; fileEncoding = 4; lastKnownFileType = sourcecode.swift; path = "Experiment Model.swift"; sourceTree = "<group>"; };
/* End PBXFileReference section */

/* Begin PBXFrameworksBuildPhase section */
		D789FC572A8E6F06002AA43A /* Frameworks */ = {
			isa = PBXFrameworksBuildPhase;
			buildActionMask = 2147483647;
			files = (
			);
			runOnlyForDeploymentPostprocessing = 0;
		};
		D789FC672A8E6F09002AA43A /* Frameworks */ = {
			isa = PBXFrameworksBuildPhase;
			buildActionMask = 2147483647;
			files = (
			);
			runOnlyForDeploymentPostprocessing = 0;
		};
		D789FC712A8E6F09002AA43A /* Frameworks */ = {
			isa = PBXFrameworksBuildPhase;
			buildActionMask = 2147483647;
			files = (
			);
			runOnlyForDeploymentPostprocessing = 0;
		};
/* End PBXFrameworksBuildPhase section */

/* Begin PBXGroup section */
		D75913F82B5AC83E00A8454C /* Views */ = {
			isa = PBXGroup;
			children = (
				D796E2F32A8FD61000028124 /* JournalView.swift */,
				D77062C32AB0A1510053D644 /* NewJournalView.swift */,
				D77062C52AB0A31A0053D644 /* NoteDetailView.swift */,
				D77062C72AB0A3380053D644 /* ExampleView.swift */,
			);
			path = Views;
			sourceTree = "<group>";
		};
		D781D8072AC4C3B8008FA398 /* Ideas View */ = {
			isa = PBXGroup;
			children = (
				D789FC892A8E6F99002AA43A /* IdeasView.swift */,
				D781D8082AC4C3EC008FA398 /* ProductCard.swift */,
				D781D80A2AC4C626008FA398 /* CompletedView.swift */,
				D72535242ACB0DDA0084F2BF /* ProductRow.swift */,
				D72535222ACB0D3A0084F2BF /* CompletedButton.swift */,
				D76848442AC70D21001E8F96 /* Completion Manager.swift */,
			);
			path = "Ideas View";
			sourceTree = "<group>";
		};
		D789FC512A8E6F06002AA43A = {
			isa = PBXGroup;
			children = (
				D789FC5C2A8E6F06002AA43A /* STEAM Hunt APP */,
				D789FC6D2A8E6F09002AA43A /* STEAM Hunt APPTests */,
				D789FC772A8E6F09002AA43A /* STEAM Hunt APPUITests */,
				D789FC5B2A8E6F06002AA43A /* Products */,
			);
			sourceTree = "<group>";
		};
		D789FC5B2A8E6F06002AA43A /* Products */ = {
			isa = PBXGroup;
			children = (
				D789FC5A2A8E6F06002AA43A /* STEAM Hunt APP.app */,
				D789FC6A2A8E6F09002AA43A /* STEAM Hunt APPTests.xctest */,
				D789FC742A8E6F09002AA43A /* STEAM Hunt APPUITests.xctest */,
			);
			name = Products;
			sourceTree = "<group>";
		};
		D789FC5C2A8E6F06002AA43A /* STEAM Hunt APP */ = {
			isa = PBXGroup;
			children = (
				D789FC5D2A8E6F06002AA43A /* STEAM_Hunt_APPApp.swift */,
				D789FC5F2A8E6F06002AA43A /* ContentView.swift */,
				D7DE11142AABB63800B4EA64 /* JournalView */,
				D781D8072AC4C3B8008FA398 /* Ideas View */,
				D789FC872A8E6F70002AA43A /* HomeView.swift */,
				D796E2F72A8FDFE200028124 /* Experiments */,
				D789FC612A8E6F09002AA43A /* Assets.xcassets */,
				D789FC632A8E6F09002AA43A /* Preview Content */,
			);
			path = "STEAM Hunt APP";
			sourceTree = "<group>";
		};
		D789FC632A8E6F09002AA43A /* Preview Content */ = {
			isa = PBXGroup;
			children = (
				D789FC642A8E6F09002AA43A /* Preview Assets.xcassets */,
			);
			path = "Preview Content";
			sourceTree = "<group>";
		};
		D789FC6D2A8E6F09002AA43A /* STEAM Hunt APPTests */ = {
			isa = PBXGroup;
			children = (
				D789FC6E2A8E6F09002AA43A /* STEAM_Hunt_APPTests.swift */,
			);
			path = "STEAM Hunt APPTests";
			sourceTree = "<group>";
		};
		D789FC772A8E6F09002AA43A /* STEAM Hunt APPUITests */ = {
			isa = PBXGroup;
			children = (
				D789FC782A8E6F09002AA43A /* STEAM_Hunt_APPUITests.swift */,
				D789FC7A2A8E6F09002AA43A /* STEAM_Hunt_APPUITestsLaunchTests.swift */,
			);
			path = "STEAM Hunt APPUITests";
			sourceTree = "<group>";
		};
		D796E2F72A8FDFE200028124 /* Experiments */ = {
			isa = PBXGroup;
			children = (
				D7EC39712AE6B8F8009219D8 /* Experiment Model.swift */,
				D796E3002A8FE1E900028124 /* ExperimentView.swift */,
				D7E2A53E2B4C9C5300383438 /* YTVideo.swift */,
				D796E2FE2A8FE1D500028124 /* Exp5.swift */,
				D796E2FC2A8FE1C300028124 /* Exp4.swift */,
				D796E2F82A8FE02F00028124 /* Exp2.swift */,
				D796E2F52A8FDEAE00028124 /* Exp1.swift */,
				D796E2FA2A8FE08700028124 /* Exp3.swift */,
				D796E3022A8FE1FA00028124 /* Exp7.swift */,
				D796E3042A8FE20A00028124 /* Exp8.swift */,
				D796E3062A8FE21700028124 /* Exp9.swift */,
				D796E3082A8FE22400028124 /* Exp10.swift */,
				D796E30A2A8FE22F00028124 /* Exp11.swift */,
				D796E30C2A8FE23C00028124 /* Exp12.swift */,
				D796E30E2A8FE25300028124 /* Exp13.swift */,
				D796E3102A8FE26800028124 /* Exp14.swift */,
				D796E3122A8FE27700028124 /* Exp15.swift */,
			);
			path = Experiments;
			sourceTree = "<group>";
		};
		D7DE11142AABB63800B4EA64 /* JournalView */ = {
			isa = PBXGroup;
			children = (
				D75913F82B5AC83E00A8454C /* Views */,
				D7DE11152AABB66E00B4EA64 /* ImageDataModel.swift */,
				D7DE11172AABB6A700B4EA64 /* ImagePicker.swift */,
			);
			path = JournalView;
			sourceTree = "<group>";
		};
/* End PBXGroup section */

/* Begin PBXNativeTarget section */
		D789FC592A8E6F06002AA43A /* STEAM Hunt APP */ = {
			isa = PBXNativeTarget;
			buildConfigurationList = D789FC7E2A8E6F09002AA43A /* Build configuration list for PBXNativeTarget "STEAM Hunt APP" */;
			buildPhases = (
				D789FC562A8E6F06002AA43A /* Sources */,
				D789FC572A8E6F06002AA43A /* Frameworks */,
				D789FC582A8E6F06002AA43A /* Resources */,
			);
			buildRules = (
			);
			dependencies = (
			);
			name = "STEAM Hunt APP";
			productName = "STEAM Hunt APP";
			productReference = D789FC5A2A8E6F06002AA43A /* STEAM Hunt APP.app */;
			productType = "com.apple.product-type.application";
		};
		D789FC692A8E6F09002AA43A /* STEAM Hunt APPTests */ = {
			isa = PBXNativeTarget;
			buildConfigurationList = D789FC812A8E6F09002AA43A /* Build configuration list for PBXNativeTarget "STEAM Hunt APPTests" */;
			buildPhases = (
				D789FC662A8E6F09002AA43A /* Sources */,
				D789FC672A8E6F09002AA43A /* Frameworks */,
				D789FC682A8E6F09002AA43A /* Resources */,
			);
			buildRules = (
			);
			dependencies = (
				D789FC6C2A8E6F09002AA43A /* PBXTargetDependency */,
			);
			name = "STEAM Hunt APPTests";
			productName = "STEAM Hunt APPTests";
			productReference = D789FC6A2A8E6F09002AA43A /* STEAM Hunt APPTests.xctest */;
			productType = "com.apple.product-type.bundle.unit-test";
		};
		D789FC732A8E6F09002AA43A /* STEAM Hunt APPUITests */ = {
			isa = PBXNativeTarget;
			buildConfigurationList = D789FC842A8E6F09002AA43A /* Build configuration list for PBXNativeTarget "STEAM Hunt APPUITests" */;
			buildPhases = (
				D789FC702A8E6F09002AA43A /* Sources */,
				D789FC712A8E6F09002AA43A /* Frameworks */,
				D789FC722A8E6F09002AA43A /* Resources */,
			);
			buildRules = (
			);
			dependencies = (
				D789FC762A8E6F09002AA43A /* PBXTargetDependency */,
			);
			name = "STEAM Hunt APPUITests";
			productName = "STEAM Hunt APPUITests";
			productReference = D789FC742A8E6F09002AA43A /* STEAM Hunt APPUITests.xctest */;
			productType = "com.apple.product-type.bundle.ui-testing";
		};
/* End PBXNativeTarget section */

/* Begin PBXProject section */
		D789FC522A8E6F06002AA43A /* Project object */ = {
			isa = PBXProject;
			attributes = {
				BuildIndependentTargetsInParallel = 1;
				LastSwiftUpdateCheck = 1420;
				LastUpgradeCheck = 1530;
				TargetAttributes = {
					D789FC592A8E6F06002AA43A = {
						CreatedOnToolsVersion = 14.2;
					};
					D789FC692A8E6F09002AA43A = {
						CreatedOnToolsVersion = 14.2;
						TestTargetID = D789FC592A8E6F06002AA43A;
					};
					D789FC732A8E6F09002AA43A = {
						CreatedOnToolsVersion = 14.2;
						TestTargetID = D789FC592A8E6F06002AA43A;
					};
				};
			};
			buildConfigurationList = D789FC552A8E6F06002AA43A /* Build configuration list for PBXProject "STEAM Hunt APP" */;
			compatibilityVersion = "Xcode 14.0";
			developmentRegion = en;
			hasScannedForEncodings = 0;
			knownRegions = (
				en,
				Base,
			);
			mainGroup = D789FC512A8E6F06002AA43A;
			productRefGroup = D789FC5B2A8E6F06002AA43A /* Products */;
			projectDirPath = "";
			projectRoot = "";
			targets = (
				D789FC592A8E6F06002AA43A /* STEAM Hunt APP */,
				D789FC692A8E6F09002AA43A /* STEAM Hunt APPTests */,
				D789FC732A8E6F09002AA43A /* STEAM Hunt APPUITests */,
			);
		};
/* End PBXProject section */

/* Begin PBXResourcesBuildPhase section */
		D789FC582A8E6F06002AA43A /* Resources */ = {
			isa = PBXResourcesBuildPhase;
			buildActionMask = 2147483647;
			files = (
				D789FC652A8E6F09002AA43A /* Preview Assets.xcassets in Resources */,
				D789FC622A8E6F09002AA43A /* Assets.xcassets in Resources */,
			);
			runOnlyForDeploymentPostprocessing = 0;
		};
		D789FC682A8E6F09002AA43A /* Resources */ = {
			isa = PBXResourcesBuildPhase;
			buildActionMask = 2147483647;
			files = (
			);
			runOnlyForDeploymentPostprocessing = 0;
		};
		D789FC722A8E6F09002AA43A /* Resources */ = {
			isa = PBXResourcesBuildPhase;
			buildActionMask = 2147483647;
			files = (
			);
			runOnlyForDeploymentPostprocessing = 0;
		};
/* End PBXResourcesBuildPhase section */

/* Begin PBXSourcesBuildPhase section */
		D789FC562A8E6F06002AA43A /* Sources */ = {
			isa = PBXSourcesBuildPhase;
			buildActionMask = 2147483647;
			files = (
				D781D8092AC4C3EC008FA398 /* ProductCard.swift in Sources */,
				D796E2FD2A8FE1C300028124 /* Exp4.swift in Sources */,
				D796E2F42A8FD61000028124 /* JournalView.swift in Sources */,
				D7EC39722AE6B8F9009219D8 /* Experiment Model.swift in Sources */,
				D796E3052A8FE20A00028124 /* Exp8.swift in Sources */,
				D72535252ACB0DDA0084F2BF /* ProductRow.swift in Sources */,
				D789FC882A8E6F70002AA43A /* HomeView.swift in Sources */,
				D796E3092A8FE22400028124 /* Exp10.swift in Sources */,
				D76848452AC70D22001E8F96 /* Completion Manager.swift in Sources */,
				D796E2F62A8FDEAE00028124 /* Exp1.swift in Sources */,
				D796E3012A8FE1E900028124 /* ExperimentView.swift in Sources */,
				D796E30B2A8FE22F00028124 /* Exp11.swift in Sources */,
				D796E3132A8FE27700028124 /* Exp15.swift in Sources */,
				D77062C62AB0A31A0053D644 /* NoteDetailView.swift in Sources */,
				D72535232ACB0D3A0084F2BF /* CompletedButton.swift in Sources */,
				D796E3112A8FE26800028124 /* Exp14.swift in Sources */,
				D796E30D2A8FE23C00028124 /* Exp12.swift in Sources */,
				D7E2A53F2B4C9C5300383438 /* YTVideo.swift in Sources */,
				D789FC602A8E6F06002AA43A /* ContentView.swift in Sources */,
				D796E2F92A8FE02F00028124 /* Exp2.swift in Sources */,
				D77062C82AB0A3380053D644 /* ExampleView.swift in Sources */,
				D796E3032A8FE1FA00028124 /* Exp7.swift in Sources */,
				D77062C42AB0A1510053D644 /* NewJournalView.swift in Sources */,
				D796E3072A8FE21700028124 /* Exp9.swift in Sources */,
				D796E30F2A8FE25300028124 /* Exp13.swift in Sources */,
				D789FC5E2A8E6F06002AA43A /* STEAM_Hunt_APPApp.swift in Sources */,
				D781D80B2AC4C626008FA398 /* CompletedView.swift in Sources */,
				D796E2FB2A8FE08700028124 /* Exp3.swift in Sources */,
				D789FC8A2A8E6F99002AA43A /* IdeasView.swift in Sources */,
				D7DE11182AABB6A700B4EA64 /* ImagePicker.swift in Sources */,
				D796E2FF2A8FE1D500028124 /* Exp5.swift in Sources */,
				D7DE11162AABB66E00B4EA64 /* ImageDataModel.swift in Sources */,
			);
			runOnlyForDeploymentPostprocessing = 0;
		};
		D789FC662A8E6F09002AA43A /* Sources */ = {
			isa = PBXSourcesBuildPhase;
			buildActionMask = 2147483647;
			files = (
				D789FC6F2A8E6F09002AA43A /* STEAM_Hunt_APPTests.swift in Sources */,
			);
			runOnlyForDeploymentPostprocessing = 0;
		};
		D789FC702A8E6F09002AA43A /* Sources */ = {
			isa = PBXSourcesBuildPhase;
			buildActionMask = 2147483647;
			files = (
				D789FC7B2A8E6F09002AA43A /* STEAM_Hunt_APPUITestsLaunchTests.swift in Sources */,
				D789FC792A8E6F09002AA43A /* STEAM_Hunt_APPUITests.swift in Sources */,
			);
			runOnlyForDeploymentPostprocessing = 0;
		};
/* End PBXSourcesBuildPhase section */

/* Begin PBXTargetDependency section */
		D789FC6C2A8E6F09002AA43A /* PBXTargetDependency */ = {
			isa = PBXTargetDependency;
			target = D789FC592A8E6F06002AA43A /* STEAM Hunt APP */;
			targetProxy = D789FC6B2A8E6F09002AA43A /* PBXContainerItemProxy */;
		};
		D789FC762A8E6F09002AA43A /* PBXTargetDependency */ = {
			isa = PBXTargetDependency;
			target = D789FC592A8E6F06002AA43A /* STEAM Hunt APP */;
			targetProxy = D789FC752A8E6F09002AA43A /* PBXContainerItemProxy */;
		};
/* End PBXTargetDependency section */

/* Begin XCBuildConfiguration section */
		D789FC7C2A8E6F09002AA43A /* Debug */ = {
			isa = XCBuildConfiguration;
			buildSettings = {
				ALWAYS_SEARCH_USER_PATHS = NO;
				CLANG_ANALYZER_NONNULL = YES;
				CLANG_ANALYZER_NUMBER_OBJECT_CONVERSION = YES_AGGRESSIVE;
				CLANG_CXX_LANGUAGE_STANDARD = "gnu++20";
				CLANG_ENABLE_MODULES = YES;
				CLANG_ENABLE_OBJC_ARC = YES;
				CLANG_ENABLE_OBJC_WEAK = YES;
				CLANG_WARN_BLOCK_CAPTURE_AUTORELEASING = YES;
				CLANG_WARN_BOOL_CONVERSION = YES;
				CLANG_WARN_COMMA = YES;
				CLANG_WARN_CONSTANT_CONVERSION = YES;
				CLANG_WARN_DEPRECATED_OBJC_IMPLEMENTATIONS = YES;
				CLANG_WARN_DIRECT_OBJC_ISA_USAGE = YES_ERROR;
				CLANG_WARN_DOCUMENTATION_COMMENTS = YES;
				CLANG_WARN_EMPTY_BODY = YES;
				CLANG_WARN_ENUM_CONVERSION = YES;
				CLANG_WARN_INFINITE_RECURSION = YES;
				CLANG_WARN_INT_CONVERSION = YES;
				CLANG_WARN_NON_LITERAL_NULL_CONVERSION = YES;
				CLANG_WARN_OBJC_IMPLICIT_RETAIN_SELF = YES;
				CLANG_WARN_OBJC_LITERAL_CONVERSION = YES;
				CLANG_WARN_OBJC_ROOT_CLASS = YES_ERROR;
				CLANG_WARN_QUOTED_INCLUDE_IN_FRAMEWORK_HEADER = YES;
				CLANG_WARN_RANGE_LOOP_ANALYSIS = YES;
				CLANG_WARN_STRICT_PROTOTYPES = YES;
				CLANG_WARN_SUSPICIOUS_MOVE = YES;
				CLANG_WARN_UNGUARDED_AVAILABILITY = YES_AGGRESSIVE;
				CLANG_WARN_UNREACHABLE_CODE = YES;
				CLANG_WARN__DUPLICATE_METHOD_MATCH = YES;
				COPY_PHASE_STRIP = NO;
				DEBUG_INFORMATION_FORMAT = dwarf;
				ENABLE_STRICT_OBJC_MSGSEND = YES;
				ENABLE_TESTABILITY = YES;
				ENABLE_USER_SCRIPT_SANDBOXING = YES;
				GCC_C_LANGUAGE_STANDARD = gnu11;
				GCC_DYNAMIC_NO_PIC = NO;
				GCC_NO_COMMON_BLOCKS = YES;
				GCC_OPTIMIZATION_LEVEL = 0;
				GCC_PREPROCESSOR_DEFINITIONS = (
					"DEBUG=1",
					"$(inherited)",
				);
				GCC_WARN_64_TO_32_BIT_CONVERSION = YES;
				GCC_WARN_ABOUT_RETURN_TYPE = YES_ERROR;
				GCC_WARN_UNDECLARED_SELECTOR = YES;
				GCC_WARN_UNINITIALIZED_AUTOS = YES_AGGRESSIVE;
				GCC_WARN_UNUSED_FUNCTION = YES;
				GCC_WARN_UNUSED_VARIABLE = YES;
				IPHONEOS_DEPLOYMENT_TARGET = 16.2;
				MTL_ENABLE_DEBUG_INFO = INCLUDE_SOURCE;
				MTL_FAST_MATH = YES;
				ONLY_ACTIVE_ARCH = YES;
				SDKROOT = iphoneos;
				SWIFT_ACTIVE_COMPILATION_CONDITIONS = DEBUG;
				SWIFT_OPTIMIZATION_LEVEL = "-Onone";
			};
			name = Debug;
		};
		D789FC7D2A8E6F09002AA43A /* Release */ = {
			isa = XCBuildConfiguration;
			buildSettings = {
				ALWAYS_SEARCH_USER_PATHS = NO;
				CLANG_ANALYZER_NONNULL = YES;
				CLANG_ANALYZER_NUMBER_OBJECT_CONVERSION = YES_AGGRESSIVE;
				CLANG_CXX_LANGUAGE_STANDARD = "gnu++20";
				CLANG_ENABLE_MODULES = YES;
				CLANG_ENABLE_OBJC_ARC = YES;
				CLANG_ENABLE_OBJC_WEAK = YES;
				CLANG_WARN_BLOCK_CAPTURE_AUTORELEASING = YES;
				CLANG_WARN_BOOL_CONVERSION = YES;
				CLANG_WARN_COMMA = YES;
				CLANG_WARN_CONSTANT_CONVERSION = YES;
				CLANG_WARN_DEPRECATED_OBJC_IMPLEMENTATIONS = YES;
				CLANG_WARN_DIRECT_OBJC_ISA_USAGE = YES_ERROR;
				CLANG_WARN_DOCUMENTATION_COMMENTS = YES;
				CLANG_WARN_EMPTY_BODY = YES;
				CLANG_WARN_ENUM_CONVERSION = YES;
				CLANG_WARN_INFINITE_RECURSION = YES;
				CLANG_WARN_INT_CONVERSION = YES;
				CLANG_WARN_NON_LITERAL_NULL_CONVERSION = YES;
				CLANG_WARN_OBJC_IMPLICIT_RETAIN_SELF = YES;
				CLANG_WARN_OBJC_LITERAL_CONVERSION = YES;
				CLANG_WARN_OBJC_ROOT_CLASS = YES_ERROR;
				CLANG_WARN_QUOTED_INCLUDE_IN_FRAMEWORK_HEADER = YES;
				CLANG_WARN_RANGE_LOOP_ANALYSIS = YES;
				CLANG_WARN_STRICT_PROTOTYPES = YES;
				CLANG_WARN_SUSPICIOUS_MOVE = YES;
				CLANG_WARN_UNGUARDED_AVAILABILITY = YES_AGGRESSIVE;
				CLANG_WARN_UNREACHABLE_CODE = YES;
				CLANG_WARN__DUPLICATE_METHOD_MATCH = YES;
				COPY_PHASE_STRIP = NO;
				DEBUG_INFORMATION_FORMAT = "dwarf-with-dsym";
				ENABLE_NS_ASSERTIONS = NO;
				ENABLE_STRICT_OBJC_MSGSEND = YES;
				ENABLE_USER_SCRIPT_SANDBOXING = YES;
				GCC_C_LANGUAGE_STANDARD = gnu11;
				GCC_NO_COMMON_BLOCKS = YES;
				GCC_WARN_64_TO_32_BIT_CONVERSION = YES;
				GCC_WARN_ABOUT_RETURN_TYPE = YES_ERROR;
				GCC_WARN_UNDECLARED_SELECTOR = YES;
				GCC_WARN_UNINITIALIZED_AUTOS = YES_AGGRESSIVE;
				GCC_WARN_UNUSED_FUNCTION = YES;
				GCC_WARN_UNUSED_VARIABLE = YES;
				IPHONEOS_DEPLOYMENT_TARGET = 16.2;
				MTL_ENABLE_DEBUG_INFO = NO;
				MTL_FAST_MATH = YES;
				SDKROOT = iphoneos;
				SWIFT_COMPILATION_MODE = wholemodule;
				SWIFT_OPTIMIZATION_LEVEL = "-O";
				VALIDATE_PRODUCT = YES;
			};
			name = Release;
		};
		D789FC7F2A8E6F09002AA43A /* Debug */ = {
			isa = XCBuildConfiguration;
			buildSettings = {
				ASSETCATALOG_COMPILER_APPICON_NAME = AppIcon;
				ASSETCATALOG_COMPILER_GLOBAL_ACCENT_COLOR_NAME = AccentColor;
				CODE_SIGN_IDENTITY = "Apple Development";
				CODE_SIGN_STYLE = Automatic;
				CURRENT_PROJECT_VERSION = 1;
				DEVELOPMENT_ASSET_PATHS = "\"STEAM Hunt APP/Preview Content\"";
				DEVELOPMENT_TEAM = 3Y44K6A3N7;
				ENABLE_PREVIEWS = YES;
				GENERATE_INFOPLIST_FILE = YES;
				INFOPLIST_KEY_UIApplicationSceneManifest_Generation = YES;
				INFOPLIST_KEY_UIApplicationSupportsIndirectInputEvents = YES;
				INFOPLIST_KEY_UILaunchScreen_Generation = YES;
				INFOPLIST_KEY_UISupportedInterfaceOrientations_iPad = "UIInterfaceOrientationPortrait UIInterfaceOrientationPortraitUpsideDown UIInterfaceOrientationLandscapeLeft UIInterfaceOrientationLandscapeRight";
				INFOPLIST_KEY_UISupportedInterfaceOrientations_iPhone = "UIInterfaceOrientationPortrait UIInterfaceOrientationLandscapeLeft UIInterfaceOrientationLandscapeRight";
				LD_RUNPATH_SEARCH_PATHS = (
					"$(inherited)",
					"@executable_path/Frameworks",
				);
				MARKETING_VERSION = 1.0;
				PRODUCT_BUNDLE_IDENTIFIER = com.casadyschool.steamhunt;
				PRODUCT_NAME = "$(TARGET_NAME)";
				PROVISIONING_PROFILE_SPECIFIER = "";
				SWIFT_EMIT_LOC_STRINGS = YES;
				SWIFT_VERSION = 5.0;
				TARGETED_DEVICE_FAMILY = "1,2";
			};
			name = Debug;
		};
		D789FC802A8E6F09002AA43A /* Release */ = {
			isa = XCBuildConfiguration;
			buildSettings = {
				ASSETCATALOG_COMPILER_APPICON_NAME = AppIcon;
				ASSETCATALOG_COMPILER_GLOBAL_ACCENT_COLOR_NAME = AccentColor;
				CODE_SIGN_IDENTITY = "Apple Development";
				CODE_SIGN_STYLE = Automatic;
				CURRENT_PROJECT_VERSION = 1;
				DEVELOPMENT_ASSET_PATHS = "\"STEAM Hunt APP/Preview Content\"";
				DEVELOPMENT_TEAM = 3Y44K6A3N7;
				ENABLE_PREVIEWS = YES;
				GENERATE_INFOPLIST_FILE = YES;
				INFOPLIST_KEY_UIApplicationSceneManifest_Generation = YES;
				INFOPLIST_KEY_UIApplicationSupportsIndirectInputEvents = YES;
				INFOPLIST_KEY_UILaunchScreen_Generation = YES;
				INFOPLIST_KEY_UISupportedInterfaceOrientations_iPad = "UIInterfaceOrientationPortrait UIInterfaceOrientationPortraitUpsideDown UIInterfaceOrientationLandscapeLeft UIInterfaceOrientationLandscapeRight";
				INFOPLIST_KEY_UISupportedInterfaceOrientations_iPhone = "UIInterfaceOrientationPortrait UIInterfaceOrientationLandscapeLeft UIInterfaceOrientationLandscapeRight";
				LD_RUNPATH_SEARCH_PATHS = (
					"$(inherited)",
					"@executable_path/Frameworks",
				);
				MARKETING_VERSION = 1.0;
				PRODUCT_BUNDLE_IDENTIFIER = com.casadyschool.steamhunt;
				PRODUCT_NAME = "$(TARGET_NAME)";
				PROVISIONING_PROFILE_SPECIFIER = "";
				SWIFT_EMIT_LOC_STRINGS = YES;
				SWIFT_VERSION = 5.0;
				TARGETED_DEVICE_FAMILY = "1,2";
			};
			name = Release;
		};
		D789FC822A8E6F09002AA43A /* Debug */ = {
			isa = XCBuildConfiguration;
			buildSettings = {
				ALWAYS_EMBED_SWIFT_STANDARD_LIBRARIES = YES;
				BUNDLE_LOADER = "$(TEST_HOST)";
				CODE_SIGN_STYLE = Automatic;
				CURRENT_PROJECT_VERSION = 1;
				DEVELOPMENT_TEAM = N8R88TDZ27;
				GENERATE_INFOPLIST_FILE = YES;
				IPHONEOS_DEPLOYMENT_TARGET = 16.2;
				MARKETING_VERSION = 1.0;
				PRODUCT_BUNDLE_IDENTIFIER = "Capstone.STEAM-Hunt-APPTests";
				PRODUCT_NAME = "$(TARGET_NAME)";
				SWIFT_EMIT_LOC_STRINGS = NO;
				SWIFT_VERSION = 5.0;
				TARGETED_DEVICE_FAMILY = "1,2";
				TEST_HOST = "$(BUILT_PRODUCTS_DIR)/STEAM Hunt APP.app/$(BUNDLE_EXECUTABLE_FOLDER_PATH)/STEAM Hunt APP";
			};
			name = Debug;
		};
		D789FC832A8E6F09002AA43A /* Release */ = {
			isa = XCBuildConfiguration;
			buildSettings = {
				ALWAYS_EMBED_SWIFT_STANDARD_LIBRARIES = YES;
				BUNDLE_LOADER = "$(TEST_HOST)";
				CODE_SIGN_STYLE = Automatic;
				CURRENT_PROJECT_VERSION = 1;
				DEVELOPMENT_TEAM = N8R88TDZ27;
				GENERATE_INFOPLIST_FILE = YES;
				IPHONEOS_DEPLOYMENT_TARGET = 16.2;
				MARKETING_VERSION = 1.0;
				PRODUCT_BUNDLE_IDENTIFIER = "Capstone.STEAM-Hunt-APPTests";
				PRODUCT_NAME = "$(TARGET_NAME)";
				SWIFT_EMIT_LOC_STRINGS = NO;
				SWIFT_VERSION = 5.0;
				TARGETED_DEVICE_FAMILY = "1,2";
				TEST_HOST = "$(BUILT_PRODUCTS_DIR)/STEAM Hunt APP.app/$(BUNDLE_EXECUTABLE_FOLDER_PATH)/STEAM Hunt APP";
			};
			name = Release;
		};
		D789FC852A8E6F09002AA43A /* Debug */ = {
			isa = XCBuildConfiguration;
			buildSettings = {
				ALWAYS_EMBED_SWIFT_STANDARD_LIBRARIES = YES;
				CODE_SIGN_STYLE = Automatic;
				CURRENT_PROJECT_VERSION = 1;
				DEVELOPMENT_TEAM = N8R88TDZ27;
				GENERATE_INFOPLIST_FILE = YES;
				MARKETING_VERSION = 1.0;
				PRODUCT_BUNDLE_IDENTIFIER = "Capstone.STEAM-Hunt-APPUITests";
				PRODUCT_NAME = "$(TARGET_NAME)";
				SWIFT_EMIT_LOC_STRINGS = NO;
				SWIFT_VERSION = 5.0;
				TARGETED_DEVICE_FAMILY = "1,2";
				TEST_TARGET_NAME = "STEAM Hunt APP";
			};
			name = Debug;
		};
		D789FC862A8E6F09002AA43A /* Release */ = {
			isa = XCBuildConfiguration;
			buildSettings = {
				ALWAYS_EMBED_SWIFT_STANDARD_LIBRARIES = YES;
				CODE_SIGN_STYLE = Automatic;
				CURRENT_PROJECT_VERSION = 1;
				DEVELOPMENT_TEAM = N8R88TDZ27;
				GENERATE_INFOPLIST_FILE = YES;
				MARKETING_VERSION = 1.0;
				PRODUCT_BUNDLE_IDENTIFIER = "Capstone.STEAM-Hunt-APPUITests";
				PRODUCT_NAME = "$(TARGET_NAME)";
				SWIFT_EMIT_LOC_STRINGS = NO;
				SWIFT_VERSION = 5.0;
				TARGETED_DEVICE_FAMILY = "1,2";
				TEST_TARGET_NAME = "STEAM Hunt APP";
			};
			name = Release;
		};
/* End XCBuildConfiguration section */

/* Begin XCConfigurationList section */
		D789FC552A8E6F06002AA43A /* Build configuration list for PBXProject "STEAM Hunt APP" */ = {
			isa = XCConfigurationList;
			buildConfigurations = (
				D789FC7C2A8E6F09002AA43A /* Debug */,
				D789FC7D2A8E6F09002AA43A /* Release */,
			);
			defaultConfigurationIsVisible = 0;
			defaultConfigurationName = Release;
		};
		D789FC7E2A8E6F09002AA43A /* Build configuration list for PBXNativeTarget "STEAM Hunt APP" */ = {
			isa = XCConfigurationList;
			buildConfigurations = (
				D789FC7F2A8E6F09002AA43A /* Debug */,
				D789FC802A8E6F09002AA43A /* Release */,
			);
			defaultConfigurationIsVisible = 0;
			defaultConfigurationName = Release;
		};
		D789FC812A8E6F09002AA43A /* Build configuration list for PBXNativeTarget "STEAM Hunt APPTests" */ = {
			isa = XCConfigurationList;
			buildConfigurations = (
				D789FC822A8E6F09002AA43A /* Debug */,
				D789FC832A8E6F09002AA43A /* Release */,
			);
			defaultConfigurationIsVisible = 0;
			defaultConfigurationName = Release;
		};
		D789FC842A8E6F09002AA43A /* Build configuration list for PBXNativeTarget "STEAM Hunt APPUITests" */ = {
			isa = XCConfigurationList;
			buildConfigurations = (
				D789FC852A8E6F09002AA43A /* Debug */,
				D789FC862A8E6F09002AA43A /* Release */,
			);
			defaultConfigurationIsVisible = 0;
			defaultConfigurationName = Release;
		};
/* End XCConfigurationList section */
	};
	rootObject = D789FC522A8E6F06002AA43A /* Project object */;
}
